
Microsoft Visual Studio Solution File, Format Version 12.00
# Visual Studio Version 16
VisualStudioVersion = 16.0.30011.22
MinimumVisualStudioVersion = 10.0.40219.1
Project("{9A19103F-16F7-4668-BE54-9A1E7A4F7556}") = "RazorPages", "RazorPages\RazorPages.csproj", "{751F1CF2-6DC5-45DD-AF00-3286CA7D48B1}"
EndProject
Project("{FAE04EC0-301F-11D3-BF4B-00C04F79EFBC}") = "MVC", "MVC\MVC.csproj", "{0E436C96-4E3B-4ECD-A77F-9F6CDFD49BF2}"
EndProject
Global
	GlobalSection(SolutionConfigurationPlatforms) = preSolution
		Debug|Any CPU = Debug|Any CPU
		Release|Any CPU = Release|Any CPU
	EndGlobalSection
	GlobalSection(ProjectConfigurationPlatforms) = postSolution
		{751F1CF2-6DC5-45DD-AF00-3286CA7D48B1}.Debug|Any CPU.ActiveCfg = Debug|Any CPU
		{751F1CF2-6DC5-45DD-AF00-3286CA7D48B1}.Debug|Any CPU.Build.0 = Debug|Any CPU
		{751F1CF2-6DC5-45DD-AF00-3286CA7D48B1}.Release|Any CPU.ActiveCfg = Release|Any CPU
		{751F1CF2-6DC5-45DD-AF00-3286CA7D48B1}.Release|Any CPU.Build.0 = Release|Any CPU
		{0E436C96-4E3B-4ECD-A77F-9F6CDFD49BF2}.Debug|Any CPU.ActiveCfg = Debug|Any CPU
		{0E436C96-4E3B-4ECD-A77F-9F6CDFD49BF2}.Debug|Any CPU.Build.0 = Debug|Any CPU
		{0E436C96-4E3B-4ECD-A77F-9F6CDFD49BF2}.Release|Any CPU.ActiveCfg = Release|Any CPU
		{0E436C96-4E3B-4ECD-A77F-9F6CDFD49BF2}.Release|Any CPU.Build.0 = Release|Any CPU
	EndGlobalSection
	GlobalSection(SolutionProperties) = preSolution
		HideSolutionNode = FALSE
	EndGlobalSection
	GlobalSection(ExtensibilityGlobals) = postSolution
		SolutionGuid = {E4201D37-3188-40B2-B426-BABFADE70C26}
	EndGlobalSection
EndGlobal
